<Solution>
  <Folder Name="/src/">
    <Project Path="src/SaveEditor.Ui/SaveEditor.Ui.csproj" />
  </Folder>
  <Folder Name="/tests/">
    <Project Path="tests/SaveEditor.Ui.HeadlessTests/SaveEditor.Ui.HeadlessTests.csproj" />
    <Project Path="tests/SaveEditor.Ui.Tests/SaveEditor.Ui.Tests.csproj" />
  </Folder>
</Solution>
